
Microsoft Visual Studio Solution File, Format Version 10.00
# Visual Studio 2008
Project("{FAE04EC0-301F-11D3-BF4B-00C04F79EFBC}") = "model", "model.csproj", "{5EB3F96A-3F1E-43FF-830F-3BC983D3B674}"
EndProject
Global
	GlobalSection(SolutionConfigurationPlatforms) = preSolution
		Debug|Any CPU = Debug|Any CPU
		Release|Any CPU = Release|Any CPU
	EndGlobalSection
	GlobalSection(ProjectConfigurationPlatforms) = postSolution
		{5EB3F96A-3F1E-43FF-830F-3BC983D3B674}.Debug|Any CPU.ActiveCfg = Debug|Any CPU
		{5EB3F96A-3F1E-43FF-830F-3BC983D3B674}.Debug|Any CPU.Build.0 = Debug|Any CPU
		{5EB3F96A-3F1E-43FF-830F-3BC983D3B674}.Release|Any CPU.ActiveCfg = Release|Any CPU
		{5EB3F96A-3F1E-43FF-830F-3BC983D3B674}.Release|Any CPU.Build.0 = Release|Any CPU
	EndGlobalSection
EndGlobal
